// !$*UTF8*$!
{
	archiveVersion = 1;
	classes = {
	};
	objectVersion = 46;
	objects = {

/* Begin PBXBuildFile section */
		FF8373511DC63FD100B99C6F /* austria-low.svg in Resources */ = {isa = PBXBuildFile; fileRef = FF83733C1DC63FD100B99C6F /* austria-low.svg */; };
		FF8373521DC63FD100B99C6F /* beef-cuts.svg in Resources */ = {isa = PBXBuildFile; fileRef = FF83733D1DC63FD100B99C6F /* beef-cuts.svg */; };
		FF8373531DC63FD100B99C6F /* china-low.svg in Resources */ = {isa = PBXBuildFile; fileRef = FF83733E1DC63FD100B99C6F /* china-low.svg */; };
		FF8373541DC63FD100B99C6F /* europe.svg in Resources */ = {isa = PBXBuildFile; fileRef = FF83733F1DC63FD100B99C6F /* europe.svg */; };
		FF8373551DC63FD100B99C6F /* france-low.svg in Resources */ = {isa = PBXBuildFile; fileRef = FF8373401DC63FD100B99C6F /* france-low.svg */; };
		FF8373561DC63FD100B99C6F /* germany.svg in Resources */ = {isa = PBXBuildFile; fileRef = FF8373411DC63FD100B99C6F /* germany.svg */; };
		FF8373571DC63FD100B99C6F /* india-low.svg in Resources */ = {isa = PBXBuildFile; fileRef = FF8373421DC63FD100B99C6F /* india-low.svg */; };
		FF8373581DC63FD100B99C6F /* italy.svg in Resources */ = {isa = PBXBuildFile; fileRef = FF8373431DC63FD100B99C6F /* italy.svg */; };
		FF8373591DC63FD100B99C6F /* uk-low.svg in Resources */ = {isa = PBXBuildFile; fileRef = FF8373441DC63FD100B99C6F /* uk-low.svg */; };
		FF83735A1DC63FD100B99C6F /* usa-low.svg in Resources */ = {isa = PBXBuildFile; fileRef = FF8373451DC63FD100B99C6F /* usa-low.svg */; };
		FF83735B1DC63FD100B99C6F /* world-continents-low.svg in Resources */ = {isa = PBXBuildFile; fileRef = FF8373461DC63FD100B99C6F /* world-continents-low.svg */; };
		FF83735C1DC63FD100B99C6F /* world-low.svg in Resources */ = {isa = PBXBuildFile; fileRef = FF8373471DC63FD100B99C6F /* world-low.svg */; };
		FF83735D1DC63FD100B99C6F /* FSInteractiveMapView.m in Sources */ = {isa = PBXBuildFile; fileRef = FF8373491DC63FD100B99C6F /* FSInteractiveMapView.m */; };
		FF83735E1DC63FD100B99C6F /* FSSVG.m in Sources */ = {isa = PBXBuildFile; fileRef = FF83734C1DC63FD100B99C6F /* FSSVG.m */; };
		FF83735F1DC63FD100B99C6F /* FSSVGPathElement.m in Sources */ = {isa = PBXBuildFile; fileRef = FF83734E1DC63FD100B99C6F /* FSSVGPathElement.m */; };
		FF8373601DC63FD100B99C6F /* FSSVGUtils.m in Sources */ = {isa = PBXBuildFile; fileRef = FF8373501DC63FD100B99C6F /* FSSVGUtils.m */; };
		FF8373641DC645D100B99C6F /* map.svg in Resources */ = {isa = PBXBuildFile; fileRef = FF8373631DC645D100B99C6F /* map.svg */; };
		FF8461CA1DC61F5A00B4DED1 /* main.m in Sources */ = {isa = PBXBuildFile; fileRef = FF8461C91DC61F5A00B4DED1 /* main.m */; };
		FF8461CD1DC61F5A00B4DED1 /* AppDelegate.m in Sources */ = {isa = PBXBuildFile; fileRef = FF8461CC1DC61F5A00B4DED1 /* AppDelegate.m */; };
		FF8461D01DC61F5A00B4DED1 /* ViewController.m in Sources */ = {isa = PBXBuildFile; fileRef = FF8461CF1DC61F5A00B4DED1 /* ViewController.m */; };
		FF8461D31DC61F5A00B4DED1 /* Main.storyboard in Resources */ = {isa = PBXBuildFile; fileRef = FF8461D11DC61F5A00B4DED1 /* Main.storyboard */; };
		FF8461D61DC61F5A00B4DED1 /* photo_map.xcdatamodeld in Sources */ = {isa = PBXBuildFile; fileRef = FF8461D41DC61F5A00B4DED1 /* photo_map.xcdatamodeld */; };
		FF8461D81DC61F5A00B4DED1 /* Assets.xcassets in Resources */ = {isa = PBXBuildFile; fileRef = FF8461D71DC61F5A00B4DED1 /* Assets.xcassets */; };
		FF8461DB1DC61F5A00B4DED1 /* LaunchScreen.storyboard in Resources */ = {isa = PBXBuildFile; fileRef = FF8461D91DC61F5A00B4DED1 /* LaunchScreen.storyboard */; };
		FF8461E61DC61F5B00B4DED1 /* photo_mapTests.m in Sources */ = {isa = PBXBuildFile; fileRef = FF8461E51DC61F5B00B4DED1 /* photo_mapTests.m */; };
		FF8461F11DC61F5B00B4DED1 /* photo_mapUITests.m in Sources */ = {isa = PBXBuildFile; fileRef = FF8461F01DC61F5B00B4DED1 /* photo_mapUITests.m */; };
/* End PBXBuildFile section */

/* Begin PBXContainerItemProxy section */
		FF8461E21DC61F5A00B4DED1 /* PBXContainerItemProxy */ = {
			isa = PBXContainerItemProxy;
			containerPortal = FF8461BD1DC61F5A00B4DED1 /* Project object */;
			proxyType = 1;
			remoteGlobalIDString = FF8461C41DC61F5A00B4DED1;
			remoteInfo = photo_map;
		};
		FF8461ED1DC61F5B00B4DED1 /* PBXContainerItemProxy */ = {
			isa = PBXContainerItemProxy;
			containerPortal = FF8461BD1DC61F5A00B4DED1 /* Project object */;
			proxyType = 1;
			remoteGlobalIDString = FF8461C41DC61F5A00B4DED1;
			remoteInfo = photo_map;
		};
/* End PBXContainerItemProxy section */

/* Begin PBXFileReference section */
		FF83733C1DC63FD100B99C6F /* austria-low.svg */ = {isa = PBXFileReference; fileEncoding = 4; lastKnownFileType = text.xml; path = "austria-low.svg"; sourceTree = "<group>"; };
		FF83733D1DC63FD100B99C6F /* beef-cuts.svg */ = {isa = PBXFileReference; fileEncoding = 4; lastKnownFileType = text.xml; path = "beef-cuts.svg"; sourceTree = "<group>"; };
		FF83733E1DC63FD100B99C6F /* china-low.svg */ = {isa = PBXFileReference; fileEncoding = 4; lastKnownFileType = text.xml; path = "china-low.svg"; sourceTree = "<group>"; };
		FF83733F1DC63FD100B99C6F /* europe.svg */ = {isa = PBXFileReference; fileEncoding = 4; lastKnownFileType = text.xml; path = europe.svg; sourceTree = "<group>"; };
		FF8373401DC63FD100B99C6F /* france-low.svg */ = {isa = PBXFileReference; fileEncoding = 4; lastKnownFileType = text.xml; path = "france-low.svg"; sourceTree = "<group>"; };
		FF8373411DC63FD100B99C6F /* germany.svg */ = {isa = PBXFileReference; fileEncoding = 4; lastKnownFileType = text.xml; path = germany.svg; sourceTree = "<group>"; };
		FF8373421DC63FD100B99C6F /* india-low.svg */ = {isa = PBXFileReference; fileEncoding = 4; lastKnownFileType = text.xml; path = "india-low.svg"; sourceTree = "<group>"; };
		FF8373431DC63FD100B99C6F /* italy.svg */ = {isa = PBXFileReference; fileEncoding = 4; lastKnownFileType = text.xml; path = italy.svg; sourceTree = "<group>"; };
		FF8373441DC63FD100B99C6F /* uk-low.svg */ = {isa = PBXFileReference; fileEncoding = 4; lastKnownFileType = text.xml; path = "uk-low.svg"; sourceTree = "<group>"; };
		FF8373451DC63FD100B99C6F /* usa-low.svg */ = {isa = PBXFileReference; fileEncoding = 4; lastKnownFileType = text.xml; path = "usa-low.svg"; sourceTree = "<group>"; };
		FF8373461DC63FD100B99C6F /* world-continents-low.svg */ = {isa = PBXFileReference; fileEncoding = 4; lastKnownFileType = text.xml; path = "world-continents-low.svg"; sourceTree = "<group>"; };
		FF8373471DC63FD100B99C6F /* world-low.svg */ = {isa = PBXFileReference; fileEncoding = 4; lastKnownFileType = text.xml; path = "world-low.svg"; sourceTree = "<group>"; };
		FF8373481DC63FD100B99C6F /* FSInteractiveMapView.h */ = {isa = PBXFileReference; fileEncoding = 4; lastKnownFileType = sourcecode.c.h; path = FSInteractiveMapView.h; sourceTree = "<group>"; };
		FF8373491DC63FD100B99C6F /* FSInteractiveMapView.m */ = {isa = PBXFileReference; fileEncoding = 4; lastKnownFileType = sourcecode.c.objc; path = FSInteractiveMapView.m; sourceTree = "<group>"; };
		FF83734B1DC63FD100B99C6F /* FSSVG.h */ = {isa = PBXFileReference; fileEncoding = 4; lastKnownFileType = sourcecode.c.h; path = FSSVG.h; sourceTree = "<group>"; };
		FF83734C1DC63FD100B99C6F /* FSSVG.m */ = {isa = PBXFileReference; fileEncoding = 4; lastKnownFileType = sourcecode.c.objc; path = FSSVG.m; sourceTree = "<group>"; };
		FF83734D1DC63FD100B99C6F /* FSSVGPathElement.h */ = {isa = PBXFileReference; fileEncoding = 4; lastKnownFileType = sourcecode.c.h; path = FSSVGPathElement.h; sourceTree = "<group>"; };
		FF83734E1DC63FD100B99C6F /* FSSVGPathElement.m */ = {isa = PBXFileReference; fileEncoding = 4; lastKnownFileType = sourcecode.c.objc; path = FSSVGPathElement.m; sourceTree = "<group>"; };
		FF83734F1DC63FD100B99C6F /* FSSVGUtils.h */ = {isa = PBXFileReference; fileEncoding = 4; lastKnownFileType = sourcecode.c.h; path = FSSVGUtils.h; sourceTree = "<group>"; };
		FF8373501DC63FD100B99C6F /* FSSVGUtils.m */ = {isa = PBXFileReference; fileEncoding = 4; lastKnownFileType = sourcecode.c.objc; path = FSSVGUtils.m; sourceTree = "<group>"; };
		FF8373631DC645D100B99C6F /* map.svg */ = {isa = PBXFileReference; fileEncoding = 4; lastKnownFileType = text.xml; path = map.svg; sourceTree = "<group>"; };
		FF8461C51DC61F5A00B4DED1 /* photo_map.app */ = {isa = PBXFileReference; explicitFileType = wrapper.application; includeInIndex = 0; path = photo_map.app; sourceTree = BUILT_PRODUCTS_DIR; };
		FF8461C91DC61F5A00B4DED1 /* main.m */ = {isa = PBXFileReference; lastKnownFileType = sourcecode.c.objc; path = main.m; sourceTree = "<group>"; };
		FF8461CB1DC61F5A00B4DED1 /* AppDelegate.h */ = {isa = PBXFileReference; lastKnownFileType = sourcecode.c.h; path = AppDelegate.h; sourceTree = "<group>"; };
		FF8461CC1DC61F5A00B4DED1 /* AppDelegate.m */ = {isa = PBXFileReference; lastKnownFileType = sourcecode.c.objc; path = AppDelegate.m; sourceTree = "<group>"; };
		FF8461CE1DC61F5A00B4DED1 /* ViewController.h */ = {isa = PBXFileReference; lastKnownFileType = sourcecode.c.h; path = ViewController.h; sourceTree = "<group>"; };
		FF8461CF1DC61F5A00B4DED1 /* ViewController.m */ = {isa = PBXFileReference; lastKnownFileType = sourcecode.c.objc; path = ViewController.m; sourceTree = "<group>"; };
		FF8461D21DC61F5A00B4DED1 /* Base */ = {isa = PBXFileReference; lastKnownFileType = file.storyboard; name = Base; path = Base.lproj/Main.storyboard; sourceTree = "<group>"; };
		FF8461D51DC61F5A00B4DED1 /* photo_map.xcdatamodel */ = {isa = PBXFileReference; lastKnownFileType = wrapper.xcdatamodel; path = photo_map.xcdatamodel; sourceTree = "<group>"; };
		FF8461D71DC61F5A00B4DED1 /* Assets.xcassets */ = {isa = PBXFileReference; lastKnownFileType = folder.assetcatalog; path = Assets.xcassets; sourceTree = "<group>"; };
		FF8461DA1DC61F5A00B4DED1 /* Base */ = {isa = PBXFileReference; lastKnownFileType = file.storyboard; name = Base; path = Base.lproj/LaunchScreen.storyboard; sourceTree = "<group>"; };
		FF8461DC1DC61F5A00B4DED1 /* Info.plist */ = {isa = PBXFileReference; lastKnownFileType = text.plist.xml; path = Info.plist; sourceTree = "<group>"; };
		FF8461E11DC61F5A00B4DED1 /* photo_mapTests.xctest */ = {isa = PBXFileReference; explicitFileType = wrapper.cfbundle; includeInIndex = 0; path = photo_mapTests.xctest; sourceTree = BUILT_PRODUCTS_DIR; };
		FF8461E51DC61F5B00B4DED1 /* photo_mapTests.m */ = {isa = PBXFileReference; lastKnownFileType = sourcecode.c.objc; path = photo_mapTests.m; sourceTree = "<group>"; };
		FF8461E71DC61F5B00B4DED1 /* Info.plist */ = {isa = PBXFileReference; lastKnownFileType = text.plist.xml; path = Info.plist; sourceTree = "<group>"; };
		FF8461EC1DC61F5B00B4DED1 /* photo_mapUITests.xctest */ = {isa = PBXFileReference; explicitFileType = wrapper.cfbundle; includeInIndex = 0; path = photo_mapUITests.xctest; sourceTree = BUILT_PRODUCTS_DIR; };
		FF8461F01DC61F5B00B4DED1 /* photo_mapUITests.m */ = {isa = PBXFileReference; lastKnownFileType = sourcecode.c.objc; path = photo_mapUITests.m; sourceTree = "<group>"; };
		FF8461F21DC61F5B00B4DED1 /* Info.plist */ = {isa = PBXFileReference; lastKnownFileType = text.plist.xml; path = Info.plist; sourceTree = "<group>"; };
/* End PBXFileReference section */

/* Begin PBXFrameworksBuildPhase section */
		FF8461C21DC61F5A00B4DED1 /* Frameworks */ = {
			isa = PBXFrameworksBuildPhase;
			buildActionMask = 2147483647;
			files = (
			);
			runOnlyForDeploymentPostprocessing = 0;
		};
		FF8461DE1DC61F5A00B4DED1 /* Frameworks */ = {
			isa = PBXFrameworksBuildPhase;
			buildActionMask = 2147483647;
			files = (
			);
			runOnlyForDeploymentPostprocessing = 0;
		};
		FF8461E91DC61F5B00B4DED1 /* Frameworks */ = {
			isa = PBXFrameworksBuildPhase;
			buildActionMask = 2147483647;
			files = (
			);
			runOnlyForDeploymentPostprocessing = 0;
		};
/* End PBXFrameworksBuildPhase section */

/* Begin PBXGroup section */
		FF83733A1DC63FD100B99C6F /* FSInteractiveMap */ = {
			isa = PBXGroup;
			children = (
				FF83733B1DC63FD100B99C6F /* Data */,
				FF8373481DC63FD100B99C6F /* FSInteractiveMapView.h */,
				FF8373491DC63FD100B99C6F /* FSInteractiveMapView.m */,
				FF83734A1DC63FD100B99C6F /* FSSVG */,
			);
			path = FSInteractiveMap;
			sourceTree = "<group>";
		};
		FF83733B1DC63FD100B99C6F /* Data */ = {
			isa = PBXGroup;
			children = (
				FF8373631DC645D100B99C6F /* map.svg */,
				FF83733C1DC63FD100B99C6F /* austria-low.svg */,
				FF83733D1DC63FD100B99C6F /* beef-cuts.svg */,
				FF83733E1DC63FD100B99C6F /* china-low.svg */,
				FF83733F1DC63FD100B99C6F /* europe.svg */,
				FF8373401DC63FD100B99C6F /* france-low.svg */,
				FF8373411DC63FD100B99C6F /* germany.svg */,
				FF8373421DC63FD100B99C6F /* india-low.svg */,
				FF8373431DC63FD100B99C6F /* italy.svg */,
				FF8373441DC63FD100B99C6F /* uk-low.svg */,
				FF8373451DC63FD100B99C6F /* usa-low.svg */,
				FF8373461DC63FD100B99C6F /* world-continents-low.svg */,
				FF8373471DC63FD100B99C6F /* world-low.svg */,
			);
			path = Data;
			sourceTree = "<group>";
		};
		FF83734A1DC63FD100B99C6F /* FSSVG */ = {
			isa = PBXGroup;
			children = (
				FF83734B1DC63FD100B99C6F /* FSSVG.h */,
				FF83734C1DC63FD100B99C6F /* FSSVG.m */,
				FF83734D1DC63FD100B99C6F /* FSSVGPathElement.h */,
				FF83734E1DC63FD100B99C6F /* FSSVGPathElement.m */,
				FF83734F1DC63FD100B99C6F /* FSSVGUtils.h */,
				FF8373501DC63FD100B99C6F /* FSSVGUtils.m */,
			);
			path = FSSVG;
			sourceTree = "<group>";
		};
		FF8461BC1DC61F5A00B4DED1 = {
			isa = PBXGroup;
			children = (
				FF83733A1DC63FD100B99C6F /* FSInteractiveMap */,
				FF8461C71DC61F5A00B4DED1 /* photo_map */,
				FF8461E41DC61F5A00B4DED1 /* photo_mapTests */,
				FF8461EF1DC61F5B00B4DED1 /* photo_mapUITests */,
				FF8461C61DC61F5A00B4DED1 /* Products */,
			);
			sourceTree = "<group>";
		};
		FF8461C61DC61F5A00B4DED1 /* Products */ = {
			isa = PBXGroup;
			children = (
				FF8461C51DC61F5A00B4DED1 /* photo_map.app */,
				FF8461E11DC61F5A00B4DED1 /* photo_mapTests.xctest */,
				FF8461EC1DC61F5B00B4DED1 /* photo_mapUITests.xctest */,
			);
			name = Products;
			sourceTree = "<group>";
		};
		FF8461C71DC61F5A00B4DED1 /* photo_map */ = {
			isa = PBXGroup;
			children = (
				FF8461CB1DC61F5A00B4DED1 /* AppDelegate.h */,
				FF8461CC1DC61F5A00B4DED1 /* AppDelegate.m */,
				FF8461CE1DC61F5A00B4DED1 /* ViewController.h */,
				FF8461CF1DC61F5A00B4DED1 /* ViewController.m */,
				FF8461D11DC61F5A00B4DED1 /* Main.storyboard */,
				FF8461D71DC61F5A00B4DED1 /* Assets.xcassets */,
				FF8461D91DC61F5A00B4DED1 /* LaunchScreen.storyboard */,
				FF8461DC1DC61F5A00B4DED1 /* Info.plist */,
				FF8461D41DC61F5A00B4DED1 /* photo_map.xcdatamodeld */,
				FF8461C81DC61F5A00B4DED1 /* Supporting Files */,
			);
			path = photo_map;
			sourceTree = "<group>";
		};
		FF8461C81DC61F5A00B4DED1 /* Supporting Files */ = {
			isa = PBXGroup;
			children = (
				FF8461C91DC61F5A00B4DED1 /* main.m */,
			);
			name = "Supporting Files";
			sourceTree = "<group>";
		};
		FF8461E41DC61F5A00B4DED1 /* photo_mapTests */ = {
			isa = PBXGroup;
			children = (
				FF8461E51DC61F5B00B4DED1 /* photo_mapTests.m */,
				FF8461E71DC61F5B00B4DED1 /* Info.plist */,
			);
			path = photo_mapTests;
			sourceTree = "<group>";
		};
		FF8461EF1DC61F5B00B4DED1 /* photo_mapUITests */ = {
			isa = PBXGroup;
			children = (
				FF8461F01DC61F5B00B4DED1 /* photo_mapUITests.m */,
				FF8461F21DC61F5B00B4DED1 /* Info.plist */,
			);
			path = photo_mapUITests;
			sourceTree = "<group>";
		};
/* End PBXGroup section */

/* Begin PBXNativeTarget section */
		FF8461C41DC61F5A00B4DED1 /* photo_map */ = {
			isa = PBXNativeTarget;
			buildConfigurationList = FF8461F51DC61F5B00B4DED1 /* Build configuration list for PBXNativeTarget "photo_map" */;
			buildPhases = (
				FF8461C11DC61F5A00B4DED1 /* Sources */,
				FF8461C21DC61F5A00B4DED1 /* Frameworks */,
				FF8461C31DC61F5A00B4DED1 /* Resources */,
			);
			buildRules = (
			);
			dependencies = (
			);
			name = photo_map;
			productName = photo_map;
			productReference = FF8461C51DC61F5A00B4DED1 /* photo_map.app */;
			productType = "com.apple.product-type.application";
		};
		FF8461E01DC61F5A00B4DED1 /* photo_mapTests */ = {
			isa = PBXNativeTarget;
			buildConfigurationList = FF8461F81DC61F5B00B4DED1 /* Build configuration list for PBXNativeTarget "photo_mapTests" */;
			buildPhases = (
				FF8461DD1DC61F5A00B4DED1 /* Sources */,
				FF8461DE1DC61F5A00B4DED1 /* Frameworks */,
				FF8461DF1DC61F5A00B4DED1 /* Resources */,
			);
			buildRules = (
			);
			dependencies = (
				FF8461E31DC61F5A00B4DED1 /* PBXTargetDependency */,
			);
			name = photo_mapTests;
			productName = photo_mapTests;
			productReference = FF8461E11DC61F5A00B4DED1 /* photo_mapTests.xctest */;
			productType = "com.apple.product-type.bundle.unit-test";
		};
		FF8461EB1DC61F5B00B4DED1 /* photo_mapUITests */ = {
			isa = PBXNativeTarget;
			buildConfigurationList = FF8461FB1DC61F5B00B4DED1 /* Build configuration list for PBXNativeTarget "photo_mapUITests" */;
			buildPhases = (
				FF8461E81DC61F5B00B4DED1 /* Sources */,
				FF8461E91DC61F5B00B4DED1 /* Frameworks */,
				FF8461EA1DC61F5B00B4DED1 /* Resources */,
			);
			buildRules = (
			);
			dependencies = (
				FF8461EE1DC61F5B00B4DED1 /* PBXTargetDependency */,
			);
			name = photo_mapUITests;
			productName = photo_mapUITests;
			productReference = FF8461EC1DC61F5B00B4DED1 /* photo_mapUITests.xctest */;
			productType = "com.apple.product-type.bundle.ui-testing";
		};
/* End PBXNativeTarget section */

/* Begin PBXProject section */
		FF8461BD1DC61F5A00B4DED1 /* Project object */ = {
			isa = PBXProject;
			attributes = {
				LastUpgradeCheck = 0800;
				ORGANIZATIONNAME = "이선민";
				TargetAttributes = {
					FF8461C41DC61F5A00B4DED1 = {
						CreatedOnToolsVersion = 8.0;
						DevelopmentTeam = F9YBLEK3E7;
						ProvisioningStyle = Automatic;
						SystemCapabilities = {
							com.apple.BackgroundModes = {
								enabled = 0;
							};
						};
					};
					FF8461E01DC61F5A00B4DED1 = {
						CreatedOnToolsVersion = 8.0;
						ProvisioningStyle = Automatic;
						TestTargetID = FF8461C41DC61F5A00B4DED1;
					};
					FF8461EB1DC61F5B00B4DED1 = {
						CreatedOnToolsVersion = 8.0;
						ProvisioningStyle = Automatic;
						TestTargetID = FF8461C41DC61F5A00B4DED1;
					};
				};
			};
			buildConfigurationList = FF8461C01DC61F5A00B4DED1 /* Build configuration list for PBXProject "photo_map" */;
			compatibilityVersion = "Xcode 3.2";
			developmentRegion = English;
			hasScannedForEncodings = 0;
			knownRegions = (
				en,
				Base,
			);
			mainGroup = FF8461BC1DC61F5A00B4DED1;
			productRefGroup = FF8461C61DC61F5A00B4DED1 /* Products */;
			projectDirPath = "";
			projectRoot = "";
			targets = (
				FF8461C41DC61F5A00B4DED1 /* photo_map */,
				FF8461E01DC61F5A00B4DED1 /* photo_mapTests */,
				FF8461EB1DC61F5B00B4DED1 /* photo_mapUITests */,
			);
		};
/* End PBXProject section */

/* Begin PBXResourcesBuildPhase section */
		FF8461C31DC61F5A00B4DED1 /* Resources */ = {
			isa = PBXResourcesBuildPhase;
			buildActionMask = 2147483647;
			files = (
				FF8373541DC63FD100B99C6F /* europe.svg in Resources */,
				FF8373521DC63FD100B99C6F /* beef-cuts.svg in Resources */,
				FF83735C1DC63FD100B99C6F /* world-low.svg in Resources */,
				FF8373641DC645D100B99C6F /* map.svg in Resources */,
				FF8373551DC63FD100B99C6F /* france-low.svg in Resources */,
				FF83735B1DC63FD100B99C6F /* world-continents-low.svg in Resources */,
				FF83735A1DC63FD100B99C6F /* usa-low.svg in Resources */,
				FF8373561DC63FD100B99C6F /* germany.svg in Resources */,
				FF8373581DC63FD100B99C6F /* italy.svg in Resources */,
				FF8373531DC63FD100B99C6F /* china-low.svg in Resources */,
				FF8461DB1DC61F5A00B4DED1 /* LaunchScreen.storyboard in Resources */,
				FF8373511DC63FD100B99C6F /* austria-low.svg in Resources */,
				FF8373571DC63FD100B99C6F /* india-low.svg in Resources */,
				FF8461D81DC61F5A00B4DED1 /* Assets.xcassets in Resources */,
				FF8461D31DC61F5A00B4DED1 /* Main.storyboard in Resources */,
				FF8373591DC63FD100B99C6F /* uk-low.svg in Resources */,
			);
			runOnlyForDeploymentPostprocessing = 0;
		};
		FF8461DF1DC61F5A00B4DED1 /* Resources */ = {
			isa = PBXResourcesBuildPhase;
			buildActionMask = 2147483647;
			files = (
			);
			runOnlyForDeploymentPostprocessing = 0;
		};
		FF8461EA1DC61F5B00B4DED1 /* Resources */ = {
			isa = PBXResourcesBuildPhase;
			buildActionMask = 2147483647;
			files = (
			);
			runOnlyForDeploymentPostprocessing = 0;
		};
/* End PBXResourcesBuildPhase section */

/* Begin PBXSourcesBuildPhase section */
		FF8461C11DC61F5A00B4DED1 /* Sources */ = {
			isa = PBXSourcesBuildPhase;
			buildActionMask = 2147483647;
			files = (
				FF8461D01DC61F5A00B4DED1 /* ViewController.m in Sources */,
				FF8373601DC63FD100B99C6F /* FSSVGUtils.m in Sources */,
				FF83735D1DC63FD100B99C6F /* FSInteractiveMapView.m in Sources */,
				FF8461D61DC61F5A00B4DED1 /* photo_map.xcdatamodeld in Sources */,
				FF83735E1DC63FD100B99C6F /* FSSVG.m in Sources */,
				FF8461CD1DC61F5A00B4DED1 /* AppDelegate.m in Sources */,
				FF83735F1DC63FD100B99C6F /* FSSVGPathElement.m in Sources */,
				FF8461CA1DC61F5A00B4DED1 /* main.m in Sources */,
			);
			runOnlyForDeploymentPostprocessing = 0;
		};
		FF8461DD1DC61F5A00B4DED1 /* Sources */ = {
			isa = PBXSourcesBuildPhase;
			buildActionMask = 2147483647;
			files = (
				FF8461E61DC61F5B00B4DED1 /* photo_mapTests.m in Sources */,
			);
			runOnlyForDeploymentPostprocessing = 0;
		};
		FF8461E81DC61F5B00B4DED1 /* Sources */ = {
			isa = PBXSourcesBuildPhase;
			buildActionMask = 2147483647;
			files = (
				FF8461F11DC61F5B00B4DED1 /* photo_mapUITests.m in Sources */,
			);
			runOnlyForDeploymentPostprocessing = 0;
		};
/* End PBXSourcesBuildPhase section */

/* Begin PBXTargetDependency section */
		FF8461E31DC61F5A00B4DED1 /* PBXTargetDependency */ = {
			isa = PBXTargetDependency;
			target = FF8461C41DC61F5A00B4DED1 /* photo_map */;
			targetProxy = FF8461E21DC61F5A00B4DED1 /* PBXContainerItemProxy */;
		};
		FF8461EE1DC61F5B00B4DED1 /* PBXTargetDependency */ = {
			isa = PBXTargetDependency;
			target = FF8461C41DC61F5A00B4DED1 /* photo_map */;
			targetProxy = FF8461ED1DC61F5B00B4DED1 /* PBXContainerItemProxy */;
		};
/* End PBXTargetDependency section */

/* Begin PBXVariantGroup section */
		FF8461D11DC61F5A00B4DED1 /* Main.storyboard */ = {
			isa = PBXVariantGroup;
			children = (
				FF8461D21DC61F5A00B4DED1 /* Base */,
			);
			name = Main.storyboard;
			sourceTree = "<group>";
		};
		FF8461D91DC61F5A00B4DED1 /* LaunchScreen.storyboard */ = {
			isa = PBXVariantGroup;
			children = (
				FF8461DA1DC61F5A00B4DED1 /* Base */,
			);
			name = LaunchScreen.storyboard;
			sourceTree = "<group>";
		};
/* End PBXVariantGroup section */

/* Begin XCBuildConfiguration section */
		FF8461F31DC61F5B00B4DED1 /* Debug */ = {
			isa = XCBuildConfiguration;
			buildSettings = {
				ALWAYS_SEARCH_USER_PATHS = NO;
				CLANG_ANALYZER_NONNULL = YES;
				CLANG_CXX_LANGUAGE_STANDARD = "gnu++0x";
				CLANG_CXX_LIBRARY = "libc++";
				CLANG_ENABLE_MODULES = YES;
				CLANG_ENABLE_OBJC_ARC = YES;
				CLANG_WARN_BOOL_CONVERSION = YES;
				CLANG_WARN_CONSTANT_CONVERSION = YES;
				CLANG_WARN_DIRECT_OBJC_ISA_USAGE = YES_ERROR;
				CLANG_WARN_DOCUMENTATION_COMMENTS = YES;
				CLANG_WARN_EMPTY_BODY = YES;
				CLANG_WARN_ENUM_CONVERSION = YES;
				CLANG_WARN_INFINITE_RECURSION = YES;
				CLANG_WARN_INT_CONVERSION = YES;
				CLANG_WARN_OBJC_ROOT_CLASS = YES_ERROR;
				CLANG_WARN_SUSPICIOUS_MOVES = YES;
				CLANG_WARN_UNREACHABLE_CODE = YES;
				CLANG_WARN__DUPLICATE_METHOD_MATCH = YES;
				"CODE_SIGN_IDENTITY[sdk=iphoneos*]" = "iPhone Developer";
				COPY_PHASE_STRIP = NO;
				DEBUG_INFORMATION_FORMAT = dwarf;
				ENABLE_STRICT_OBJC_MSGSEND = YES;
				ENABLE_TESTABILITY = YES;
				GCC_C_LANGUAGE_STANDARD = gnu99;
				GCC_DYNAMIC_NO_PIC = NO;
				GCC_NO_COMMON_BLOCKS = YES;
				GCC_OPTIMIZATION_LEVEL = 0;
				GCC_PREPROCESSOR_DEFINITIONS = (
					"DEBUG=1",
					"$(inherited)",
				);
				GCC_WARN_64_TO_32_BIT_CONVERSION = YES;
				GCC_WARN_ABOUT_RETURN_TYPE = YES_ERROR;
				GCC_WARN_UNDECLARED_SELECTOR = YES;
				GCC_WARN_UNINITIALIZED_AUTOS = YES_AGGRESSIVE;
				GCC_WARN_UNUSED_FUNCTION = YES;
				GCC_WARN_UNUSED_VARIABLE = YES;
				IPHONEOS_DEPLOYMENT_TARGET = 10.0;
				MTL_ENABLE_DEBUG_INFO = YES;
				ONLY_ACTIVE_ARCH = YES;
				SDKROOT = iphoneos;
				TARGETED_DEVICE_FAMILY = "1,2";
			};
			name = Debug;
		};
		FF8461F41DC61F5B00B4DED1 /* Release */ = {
			isa = XCBuildConfiguration;
			buildSettings = {
				ALWAYS_SEARCH_USER_PATHS = NO;
				CLANG_ANALYZER_NONNULL = YES;
				CLANG_CXX_LANGUAGE_STANDARD = "gnu++0x";
				CLANG_CXX_LIBRARY = "libc++";
				CLANG_ENABLE_MODULES = YES;
				CLANG_ENABLE_OBJC_ARC = YES;
				CLANG_WARN_BOOL_CONVERSION = YES;
				CLANG_WARN_CONSTANT_CONVERSION = YES;
				CLANG_WARN_DIRECT_OBJC_ISA_USAGE = YES_ERROR;
				CLANG_WARN_DOCUMENTATION_COMMENTS = YES;
				CLANG_WARN_EMPTY_BODY = YES;
				CLANG_WARN_ENUM_CONVERSION = YES;
				CLANG_WARN_INFINITE_RECURSION = YES;
				CLANG_WARN_INT_CONVERSION = YES;
				CLANG_WARN_OBJC_ROOT_CLASS = YES_ERROR;
				CLANG_WARN_SUSPICIOUS_MOVES = YES;
				CLANG_WARN_UNREACHABLE_CODE = YES;
				CLANG_WARN__DUPLICATE_METHOD_MATCH = YES;
				"CODE_SIGN_IDENTITY[sdk=iphoneos*]" = "iPhone Developer";
				COPY_PHASE_STRIP = NO;
				DEBUG_INFORMATION_FORMAT = "dwarf-with-dsym";
				ENABLE_NS_ASSERTIONS = NO;
				ENABLE_STRICT_OBJC_MSGSEND = YES;
				GCC_C_LANGUAGE_STANDARD = gnu99;
				GCC_NO_COMMON_BLOCKS = YES;
				GCC_WARN_64_TO_32_BIT_CONVERSION = YES;
				GCC_WARN_ABOUT_RETURN_TYPE = YES_ERROR;
				GCC_WARN_UNDECLARED_SELECTOR = YES;
				GCC_WARN_UNINITIALIZED_AUTOS = YES_AGGRESSIVE;
				GCC_WARN_UNUSED_FUNCTION = YES;
				GCC_WARN_UNUSED_VARIABLE = YES;
				IPHONEOS_DEPLOYMENT_TARGET = 10.0;
				MTL_ENABLE_DEBUG_INFO = NO;
				SDKROOT = iphoneos;
				TARGETED_DEVICE_FAMILY = "1,2";
				VALIDATE_PRODUCT = YES;
			};
			name = Release;
		};
		FF8461F61DC61F5B00B4DED1 /* Debug */ = {
			isa = XCBuildConfiguration;
			buildSettings = {
				ASSETCATALOG_COMPILER_APPICON_NAME = AppIcon;
				DEVELOPMENT_TEAM = F9YBLEK3E7;
				INFOPLIST_FILE = photo_map/Info.plist;
				LD_RUNPATH_SEARCH_PATHS = "$(inherited) @executable_path/Frameworks";
				PRODUCT_BUNDLE_IDENTIFIER = "sunminlee.photo-map";
				PRODUCT_NAME = "$(TARGET_NAME)";
			};
			name = Debug;
		};
		FF8461F71DC61F5B00B4DED1 /* Release */ = {
			isa = XCBuildConfiguration;
			buildSettings = {
				ASSETCATALOG_COMPILER_APPICON_NAME = AppIcon;
				DEVELOPMENT_TEAM = F9YBLEK3E7;
				INFOPLIST_FILE = photo_map/Info.plist;
				LD_RUNPATH_SEARCH_PATHS = "$(inherited) @executable_path/Frameworks";
				PRODUCT_BUNDLE_IDENTIFIER = "sunminlee.photo-map";
				PRODUCT_NAME = "$(TARGET_NAME)";
			};
			name = Release;
		};
		FF8461F91DC61F5B00B4DED1 /* Debug */ = {
			isa = XCBuildConfiguration;
			buildSettings = {
				BUNDLE_LOADER = "$(TEST_HOST)";
				INFOPLIST_FILE = photo_mapTests/Info.plist;
				LD_RUNPATH_SEARCH_PATHS = "$(inherited) @executable_path/Frameworks @loader_path/Frameworks";
				PRODUCT_BUNDLE_IDENTIFIER = "sunminlee.photo-mapTests";
				PRODUCT_NAME = "$(TARGET_NAME)";
				TEST_HOST = "$(BUILT_PRODUCTS_DIR)/photo_map.app/photo_map";
			};
			name = Debug;
		};
		FF8461FA1DC61F5B00B4DED1 /* Release */ = {
			isa = XCBuildConfiguration;
			buildSettings = {
				BUNDLE_LOADER = "$(TEST_HOST)";
				INFOPLIST_FILE = photo_mapTests/Info.plist;
				LD_RUNPATH_SEARCH_PATHS = "$(inherited) @executable_path/Frameworks @loader_path/Frameworks";
				PRODUCT_BUNDLE_IDENTIFIER = "sunminlee.photo-mapTests";
				PRODUCT_NAME = "$(TARGET_NAME)";
				TEST_HOST = "$(BUILT_PRODUCTS_DIR)/photo_map.app/photo_map";
			};
			name = Release;
		};
		FF8461FC1DC61F5B00B4DED1 /* Debug */ = {
			isa = XCBuildConfiguration;
			buildSettings = {
				INFOPLIST_FILE = photo_mapUITests/Info.plist;
				LD_RUNPATH_SEARCH_PATHS = "$(inherited) @executable_path/Frameworks @loader_path/Frameworks";
				PRODUCT_BUNDLE_IDENTIFIER = "sunminlee.photo-mapUITests";
				PRODUCT_NAME = "$(TARGET_NAME)";
				TEST_TARGET_NAME = photo_map;
			};
			name = Debug;
		};
		FF8461FD1DC61F5B00B4DED1 /* Release */ = {
			isa = XCBuildConfiguration;
			buildSettings = {
				INFOPLIST_FILE = photo_mapUITests/Info.plist;
				LD_RUNPATH_SEARCH_PATHS = "$(inherited) @executable_path/Frameworks @loader_path/Frameworks";
				PRODUCT_BUNDLE_IDENTIFIER = "sunminlee.photo-mapUITests";
				PRODUCT_NAME = "$(TARGET_NAME)";
				TEST_TARGET_NAME = photo_map;
			};
			name = Release;
		};
/* End XCBuildConfiguration section */

/* Begin XCConfigurationList section */
		FF8461C01DC61F5A00B4DED1 /* Build configuration list for PBXProject "photo_map" */ = {
			isa = XCConfigurationList;
			buildConfigurations = (
				FF8461F31DC61F5B00B4DED1 /* Debug */,
				FF8461F41DC61F5B00B4DED1 /* Release */,
			);
			defaultConfigurationIsVisible = 0;
			defaultConfigurationName = Release;
		};
		FF8461F51DC61F5B00B4DED1 /* Build configuration list for PBXNativeTarget "photo_map" */ = {
			isa = XCConfigurationList;
			buildConfigurations = (
				FF8461F61DC61F5B00B4DED1 /* Debug */,
				FF8461F71DC61F5B00B4DED1 /* Release */,
			);
			defaultConfigurationIsVisible = 0;
			defaultConfigurationName = Release;
		};
		FF8461F81DC61F5B00B4DED1 /* Build configuration list for PBXNativeTarget "photo_mapTests" */ = {
			isa = XCConfigurationList;
			buildConfigurations = (
				FF8461F91DC61F5B00B4DED1 /* Debug */,
				FF8461FA1DC61F5B00B4DED1 /* Release */,
			);
			defaultConfigurationIsVisible = 0;
			defaultConfigurationName = Release;
		};
		FF8461FB1DC61F5B00B4DED1 /* Build configuration list for PBXNativeTarget "photo_mapUITests" */ = {
			isa = XCConfigurationList;
			buildConfigurations = (
				FF8461FC1DC61F5B00B4DED1 /* Debug */,
				FF8461FD1DC61F5B00B4DED1 /* Release */,
			);
			defaultConfigurationIsVisible = 0;
			defaultConfigurationName = Release;
		};
/* End XCConfigurationList section */

/* Begin XCVersionGroup section */
		FF8461D41DC61F5A00B4DED1 /* photo_map.xcdatamodeld */ = {
			isa = XCVersionGroup;
			children = (
				FF8461D51DC61F5A00B4DED1 /* photo_map.xcdatamodel */,
			);
			currentVersion = FF8461D51DC61F5A00B4DED1 /* photo_map.xcdatamodel */;
			path = photo_map.xcdatamodeld;
			sourceTree = "<group>";
			versionGroupType = wrapper.xcdatamodel;
		};
/* End XCVersionGroup section */
	};
	rootObject = FF8461BD1DC61F5A00B4DED1 /* Project object */;
}
